# This file is generated by running "yarn install" inside your project.
# Manual changes might be lost - proceed with caution!

__metadata:
  version: 8
  cacheKey: 10c0

"@aws-crypto/crc32@npm:3.0.0":
  version: 3.0.0
  resolution: "@aws-crypto/crc32@npm:3.0.0"
  dependencies:
    "@aws-crypto/util": "npm:^3.0.0"
    "@aws-sdk/types": "npm:^3.222.0"
    tslib: "npm:^1.11.1"
  checksum: 09189ada61a4ffe6b3bd363b0535438470a8cc1a83c89a2591ef2a0b91acb9c4ba95626557cddf856abb9df0d2bfdb0969512f1949b6db7bff5d17109d8beb3f
  languageName: node
  linkType: hard

"@aws-crypto/ie11-detection@npm:^3.0.0":
  version: 3.0.0
  resolution: "@aws-crypto/ie11-detection@npm:3.0.0"
  dependencies:
    tslib: "npm:^1.11.1"
  checksum: 388891b86d816adb658175afeedaa6c4b4c70e83a7e94050d0425788da7fd5c1d675c5bd1588700e5168325bb342cc1063aa1ee4e519bc7f9b028b3998b69c53
  languageName: node
  linkType: hard

"@aws-crypto/sha256-browser@npm:3.0.0":
  version: 3.0.0
  resolution: "@aws-crypto/sha256-browser@npm:3.0.0"
  dependencies:
    "@aws-crypto/ie11-detection": "npm:^3.0.0"
    "@aws-crypto/sha256-js": "npm:^3.0.0"
    "@aws-crypto/supports-web-crypto": "npm:^3.0.0"
    "@aws-crypto/util": "npm:^3.0.0"
    "@aws-sdk/types": "npm:^3.222.0"
    "@aws-sdk/util-locate-window": "npm:^3.0.0"
    "@aws-sdk/util-utf8-browser": "npm:^3.0.0"
    tslib: "npm:^1.11.1"
  checksum: c6a2d6b8176f6ab34b86f7b8c81e2beeae9d41bd4f5f375b332fbe9cbb916b94adcd70676fc7a505ba5abd4232dec1ddfcfa55877f91696d4c65f166648f3026
  languageName: node
  linkType: hard

"@aws-crypto/sha256-js@npm:3.0.0, @aws-crypto/sha256-js@npm:^3.0.0":
  version: 3.0.0
  resolution: "@aws-crypto/sha256-js@npm:3.0.0"
  dependencies:
    "@aws-crypto/util": "npm:^3.0.0"
    "@aws-sdk/types": "npm:^3.222.0"
    tslib: "npm:^1.11.1"
  checksum: fc013b25a5813c425d4fb77c9ffbc8b5f73d2c78b423df98a1b2575a26de5ff3775c8f62fcf8ef2cc39c8af1cc651013e2c670c1a605a2e16749e06920a2d68f
  languageName: node
  linkType: hard

"@aws-crypto/supports-web-crypto@npm:^3.0.0":
  version: 3.0.0
  resolution: "@aws-crypto/supports-web-crypto@npm:3.0.0"
  dependencies:
    tslib: "npm:^1.11.1"
  checksum: 67e5cbdebd9560244658ba4dd8610c8dc51022497780961fb5061c09618d4337e18b1ee6c71ac24b4aca175f2aa34d1390b95f8759dc293f197f2339dd5dd8c9
  languageName: node
  linkType: hard

"@aws-crypto/util@npm:^3.0.0":
  version: 3.0.0
  resolution: "@aws-crypto/util@npm:3.0.0"
  dependencies:
    "@aws-sdk/types": "npm:^3.222.0"
    "@aws-sdk/util-utf8-browser": "npm:^3.0.0"
    tslib: "npm:^1.11.1"
  checksum: 71ab6963daabbf080b274e24d160e4af6c8bbb6832bb885644018849ff53356bf82bb8000b8596cf296e7d6b14ad6201872b6b902f944e97e121eb2b2f692667
  languageName: node
  linkType: hard

"@aws-sdk/client-dynamodb@npm:^3.454.0":
  version: 3.454.0
  resolution: "@aws-sdk/client-dynamodb@npm:3.454.0"
  dependencies:
    "@aws-crypto/sha256-browser": "npm:3.0.0"
    "@aws-crypto/sha256-js": "npm:3.0.0"
    "@aws-sdk/client-sts": "npm:3.454.0"
    "@aws-sdk/core": "npm:3.451.0"
    "@aws-sdk/credential-provider-node": "npm:3.451.0"
    "@aws-sdk/middleware-endpoint-discovery": "npm:3.451.0"
    "@aws-sdk/middleware-host-header": "npm:3.451.0"
    "@aws-sdk/middleware-logger": "npm:3.451.0"
    "@aws-sdk/middleware-recursion-detection": "npm:3.451.0"
    "@aws-sdk/middleware-signing": "npm:3.451.0"
    "@aws-sdk/middleware-user-agent": "npm:3.451.0"
    "@aws-sdk/region-config-resolver": "npm:3.451.0"
    "@aws-sdk/types": "npm:3.451.0"
    "@aws-sdk/util-endpoints": "npm:3.451.0"
    "@aws-sdk/util-user-agent-browser": "npm:3.451.0"
    "@aws-sdk/util-user-agent-node": "npm:3.451.0"
    "@smithy/config-resolver": "npm:^2.0.18"
    "@smithy/fetch-http-handler": "npm:^2.2.6"
    "@smithy/hash-node": "npm:^2.0.15"
    "@smithy/invalid-dependency": "npm:^2.0.13"
    "@smithy/middleware-content-length": "npm:^2.0.15"
    "@smithy/middleware-endpoint": "npm:^2.2.0"
    "@smithy/middleware-retry": "npm:^2.0.20"
    "@smithy/middleware-serde": "npm:^2.0.13"
    "@smithy/middleware-stack": "npm:^2.0.7"
    "@smithy/node-config-provider": "npm:^2.1.5"
    "@smithy/node-http-handler": "npm:^2.1.9"
    "@smithy/protocol-http": "npm:^3.0.9"
    "@smithy/smithy-client": "npm:^2.1.15"
    "@smithy/types": "npm:^2.5.0"
    "@smithy/url-parser": "npm:^2.0.13"
    "@smithy/util-base64": "npm:^2.0.1"
    "@smithy/util-body-length-browser": "npm:^2.0.0"
    "@smithy/util-body-length-node": "npm:^2.1.0"
    "@smithy/util-defaults-mode-browser": "npm:^2.0.19"
    "@smithy/util-defaults-mode-node": "npm:^2.0.25"
    "@smithy/util-endpoints": "npm:^1.0.4"
    "@smithy/util-retry": "npm:^2.0.6"
    "@smithy/util-utf8": "npm:^2.0.2"
    "@smithy/util-waiter": "npm:^2.0.13"
    tslib: "npm:^2.5.0"
    uuid: "npm:^8.3.2"
  checksum: bb9b29c7d5a47ca05a85d9112658d8f5b3147c84ad282958cee7e864e6ebe04dec47486c2e32204c36d12625fbd941d600eac8b71a8f0f698d21d0960184546f
  languageName: node
  linkType: hard

"@aws-sdk/client-sso@npm:3.451.0":
  version: 3.451.0
  resolution: "@aws-sdk/client-sso@npm:3.451.0"
  dependencies:
    "@aws-crypto/sha256-browser": "npm:3.0.0"
    "@aws-crypto/sha256-js": "npm:3.0.0"
    "@aws-sdk/core": "npm:3.451.0"
    "@aws-sdk/middleware-host-header": "npm:3.451.0"
    "@aws-sdk/middleware-logger": "npm:3.451.0"
    "@aws-sdk/middleware-recursion-detection": "npm:3.451.0"
    "@aws-sdk/middleware-user-agent": "npm:3.451.0"
    "@aws-sdk/region-config-resolver": "npm:3.451.0"
    "@aws-sdk/types": "npm:3.451.0"
    "@aws-sdk/util-endpoints": "npm:3.451.0"
    "@aws-sdk/util-user-agent-browser": "npm:3.451.0"
    "@aws-sdk/util-user-agent-node": "npm:3.451.0"
    "@smithy/config-resolver": "npm:^2.0.18"
    "@smithy/fetch-http-handler": "npm:^2.2.6"
    "@smithy/hash-node": "npm:^2.0.15"
    "@smithy/invalid-dependency": "npm:^2.0.13"
    "@smithy/middleware-content-length": "npm:^2.0.15"
    "@smithy/middleware-endpoint": "npm:^2.2.0"
    "@smithy/middleware-retry": "npm:^2.0.20"
    "@smithy/middleware-serde": "npm:^2.0.13"
    "@smithy/middleware-stack": "npm:^2.0.7"
    "@smithy/node-config-provider": "npm:^2.1.5"
    "@smithy/node-http-handler": "npm:^2.1.9"
    "@smithy/protocol-http": "npm:^3.0.9"
    "@smithy/smithy-client": "npm:^2.1.15"
    "@smithy/types": "npm:^2.5.0"
    "@smithy/url-parser": "npm:^2.0.13"
    "@smithy/util-base64": "npm:^2.0.1"
    "@smithy/util-body-length-browser": "npm:^2.0.0"
    "@smithy/util-body-length-node": "npm:^2.1.0"
    "@smithy/util-defaults-mode-browser": "npm:^2.0.19"
    "@smithy/util-defaults-mode-node": "npm:^2.0.25"
    "@smithy/util-endpoints": "npm:^1.0.4"
    "@smithy/util-retry": "npm:^2.0.6"
    "@smithy/util-utf8": "npm:^2.0.2"
    tslib: "npm:^2.5.0"
  checksum: d0f9b4fd125253476b317fa1965ca87dbbd92c78429a41ec0591e65cebd5f9222a61f738b07c3d7a4bb07b26cb00ec351159be0b68f3b3f8dc8ae7c4c9634ec7
  languageName: node
  linkType: hard

"@aws-sdk/client-sts@npm:3.454.0":
  version: 3.454.0
  resolution: "@aws-sdk/client-sts@npm:3.454.0"
  dependencies:
    "@aws-crypto/sha256-browser": "npm:3.0.0"
    "@aws-crypto/sha256-js": "npm:3.0.0"
    "@aws-sdk/core": "npm:3.451.0"
    "@aws-sdk/credential-provider-node": "npm:3.451.0"
    "@aws-sdk/middleware-host-header": "npm:3.451.0"
    "@aws-sdk/middleware-logger": "npm:3.451.0"
    "@aws-sdk/middleware-recursion-detection": "npm:3.451.0"
    "@aws-sdk/middleware-sdk-sts": "npm:3.451.0"
    "@aws-sdk/middleware-signing": "npm:3.451.0"
    "@aws-sdk/middleware-user-agent": "npm:3.451.0"
    "@aws-sdk/region-config-resolver": "npm:3.451.0"
    "@aws-sdk/types": "npm:3.451.0"
    "@aws-sdk/util-endpoints": "npm:3.451.0"
    "@aws-sdk/util-user-agent-browser": "npm:3.451.0"
    "@aws-sdk/util-user-agent-node": "npm:3.451.0"
    "@smithy/config-resolver": "npm:^2.0.18"
    "@smithy/fetch-http-handler": "npm:^2.2.6"
    "@smithy/hash-node": "npm:^2.0.15"
    "@smithy/invalid-dependency": "npm:^2.0.13"
    "@smithy/middleware-content-length": "npm:^2.0.15"
    "@smithy/middleware-endpoint": "npm:^2.2.0"
    "@smithy/middleware-retry": "npm:^2.0.20"
    "@smithy/middleware-serde": "npm:^2.0.13"
    "@smithy/middleware-stack": "npm:^2.0.7"
    "@smithy/node-config-provider": "npm:^2.1.5"
    "@smithy/node-http-handler": "npm:^2.1.9"
    "@smithy/protocol-http": "npm:^3.0.9"
    "@smithy/smithy-client": "npm:^2.1.15"
    "@smithy/types": "npm:^2.5.0"
    "@smithy/url-parser": "npm:^2.0.13"
    "@smithy/util-base64": "npm:^2.0.1"
    "@smithy/util-body-length-browser": "npm:^2.0.0"
    "@smithy/util-body-length-node": "npm:^2.1.0"
    "@smithy/util-defaults-mode-browser": "npm:^2.0.19"
    "@smithy/util-defaults-mode-node": "npm:^2.0.25"
    "@smithy/util-endpoints": "npm:^1.0.4"
    "@smithy/util-retry": "npm:^2.0.6"
    "@smithy/util-utf8": "npm:^2.0.2"
    fast-xml-parser: "npm:4.2.5"
    tslib: "npm:^2.5.0"
  checksum: 072bf82abf227bf339ca0b4fba2535a88fab410c95cac9805e57f335bc5b7ea4794e8e1d583c4c3ec8c98c4f197f7f4fea409120aaf3d833f34b352f88889df6
  languageName: node
  linkType: hard

"@aws-sdk/core@npm:3.451.0":
  version: 3.451.0
  resolution: "@aws-sdk/core@npm:3.451.0"
  dependencies:
    "@smithy/smithy-client": "npm:^2.1.15"
    tslib: "npm:^2.5.0"
  checksum: a4e725e00c3133723a2519c4d11e1fb72ab55f7d66ec44f66c9148e2150e227c8b59c862dae1a2c22adb03ce976e52eb09f1dbc384c7b2ec79e07e5f45ec3b2a
  languageName: node
  linkType: hard

"@aws-sdk/credential-provider-env@npm:3.451.0":
  version: 3.451.0
  resolution: "@aws-sdk/credential-provider-env@npm:3.451.0"
  dependencies:
    "@aws-sdk/types": "npm:3.451.0"
    "@smithy/property-provider": "npm:^2.0.0"
    "@smithy/types": "npm:^2.5.0"
    tslib: "npm:^2.5.0"
  checksum: 9ea49e8f569e9a7344207dab74d5de1557921fe3c2245455ceb14b7bc8163f05ce302cb857c2e3df500dfdcfec79de322e18b24877c12450bc8a69443aa48e2d
  languageName: node
  linkType: hard

"@aws-sdk/credential-provider-ini@npm:3.451.0":
  version: 3.451.0
  resolution: "@aws-sdk/credential-provider-ini@npm:3.451.0"
  dependencies:
    "@aws-sdk/credential-provider-env": "npm:3.451.0"
    "@aws-sdk/credential-provider-process": "npm:3.451.0"
    "@aws-sdk/credential-provider-sso": "npm:3.451.0"
    "@aws-sdk/credential-provider-web-identity": "npm:3.451.0"
    "@aws-sdk/types": "npm:3.451.0"
    "@smithy/credential-provider-imds": "npm:^2.0.0"
    "@smithy/property-provider": "npm:^2.0.0"
    "@smithy/shared-ini-file-loader": "npm:^2.0.6"
    "@smithy/types": "npm:^2.5.0"
    tslib: "npm:^2.5.0"
  checksum: e6e52157702977494ad4467c259bd729523f102c503b0dba94220f7d62d13873a2351542830feff9040697bcc912540b07f9d578679e59baa699915d48a9e70f
  languageName: node
  linkType: hard

"@aws-sdk/credential-provider-node@npm:3.451.0":
  version: 3.451.0
  resolution: "@aws-sdk/credential-provider-node@npm:3.451.0"
  dependencies:
    "@aws-sdk/credential-provider-env": "npm:3.451.0"
    "@aws-sdk/credential-provider-ini": "npm:3.451.0"
    "@aws-sdk/credential-provider-process": "npm:3.451.0"
    "@aws-sdk/credential-provider-sso": "npm:3.451.0"
    "@aws-sdk/credential-provider-web-identity": "npm:3.451.0"
    "@aws-sdk/types": "npm:3.451.0"
    "@smithy/credential-provider-imds": "npm:^2.0.0"
    "@smithy/property-provider": "npm:^2.0.0"
    "@smithy/shared-ini-file-loader": "npm:^2.0.6"
    "@smithy/types": "npm:^2.5.0"
    tslib: "npm:^2.5.0"
  checksum: 1efdbeccfbf9384de0e96fc0a6fae3f54fdd2506fe0dfa2e7ef87daee19031c39f536d61a6655a6c35c3e04d0d0466a06589d4c0b933a22fb01a2a49f1d2d946
  languageName: node
  linkType: hard

"@aws-sdk/credential-provider-process@npm:3.451.0":
  version: 3.451.0
  resolution: "@aws-sdk/credential-provider-process@npm:3.451.0"
  dependencies:
    "@aws-sdk/types": "npm:3.451.0"
    "@smithy/property-provider": "npm:^2.0.0"
    "@smithy/shared-ini-file-loader": "npm:^2.0.6"
    "@smithy/types": "npm:^2.5.0"
    tslib: "npm:^2.5.0"
  checksum: cac3da63a3c98986e13718fc77af42802887ec36eeefac0854643a6b343dea7322610cdac16c5c46da3ad1a821d072c5d183fbd27d3345d2bdd37ef669ee972c
  languageName: node
  linkType: hard

"@aws-sdk/credential-provider-sso@npm:3.451.0":
  version: 3.451.0
  resolution: "@aws-sdk/credential-provider-sso@npm:3.451.0"
  dependencies:
    "@aws-sdk/client-sso": "npm:3.451.0"
    "@aws-sdk/token-providers": "npm:3.451.0"
    "@aws-sdk/types": "npm:3.451.0"
    "@smithy/property-provider": "npm:^2.0.0"
    "@smithy/shared-ini-file-loader": "npm:^2.0.6"
    "@smithy/types": "npm:^2.5.0"
    tslib: "npm:^2.5.0"
  checksum: b5f1a3eeb78f0e3a98d25ecd3728aef7c964bd4b9d06bdc6aae28a640ecaad01219f68dbb7723b65cb5c85f23240645759d1e1160218b8e46984114735055a2c
  languageName: node
  linkType: hard

"@aws-sdk/credential-provider-web-identity@npm:3.451.0":
  version: 3.451.0
  resolution: "@aws-sdk/credential-provider-web-identity@npm:3.451.0"
  dependencies:
    "@aws-sdk/types": "npm:3.451.0"
    "@smithy/property-provider": "npm:^2.0.0"
    "@smithy/types": "npm:^2.5.0"
    tslib: "npm:^2.5.0"
  checksum: 94a79f284e82120fe356d59f59d3a4b446543d02ca5d04c3c1c481da08befb5083a0011e77105d4cad861ad2a6633423270671bab7efb1e263f10d915ff77e88
  languageName: node
  linkType: hard

"@aws-sdk/endpoint-cache@npm:3.310.0":
  version: 3.310.0
  resolution: "@aws-sdk/endpoint-cache@npm:3.310.0"
  dependencies:
    mnemonist: "npm:0.38.3"
    tslib: "npm:^2.5.0"
  checksum: 8b3ba901ebac77be5bd73f7a8893b99e8617c38b4dccecf4a5894073107cc33f081fd96a4623e9b69ee50682c6bf041133517bd7f86688f5a4d1d6c275563f37
  languageName: node
  linkType: hard

"@aws-sdk/lib-dynamodb@npm:^3.454.0":
  version: 3.454.0
  resolution: "@aws-sdk/lib-dynamodb@npm:3.454.0"
  dependencies:
    "@aws-sdk/util-dynamodb": "npm:3.454.0"
    tslib: "npm:^2.5.0"
  peerDependencies:
    "@aws-sdk/client-dynamodb": ^3.0.0
  checksum: 113f0c1b799fa6fbeb10fec6ca1cf184ef9e75f9eab91b78e63c21cd5d14389bd7cd36b91dc04b51b6c4af7fb2ec4baea8a46c9fe8acaa04c4c6e57464d342f7
  languageName: node
  linkType: hard

"@aws-sdk/middleware-endpoint-discovery@npm:3.451.0":
  version: 3.451.0
  resolution: "@aws-sdk/middleware-endpoint-discovery@npm:3.451.0"
  dependencies:
    "@aws-sdk/endpoint-cache": "npm:3.310.0"
    "@aws-sdk/types": "npm:3.451.0"
    "@smithy/node-config-provider": "npm:^2.1.5"
    "@smithy/protocol-http": "npm:^3.0.9"
    "@smithy/types": "npm:^2.5.0"
    tslib: "npm:^2.5.0"
  checksum: c943c7d52a0a16a2d856e2b78d63ef51affe2cf07c429290d6e46542bf4808ef911265710d3d43ae91b5a5238beb7b5491e5aacdb97f5fd15ad282d4a2ec3621
  languageName: node
  linkType: hard

"@aws-sdk/middleware-host-header@npm:3.451.0":
  version: 3.451.0
  resolution: "@aws-sdk/middleware-host-header@npm:3.451.0"
  dependencies:
    "@aws-sdk/types": "npm:3.451.0"
    "@smithy/protocol-http": "npm:^3.0.9"
    "@smithy/types": "npm:^2.5.0"
    tslib: "npm:^2.5.0"
  checksum: 39afa06395d70c4417d936e09897b266d62f1967f511b11dd0993edc7f19083531611ac0f4174081d3de9d90533d3eaa2b8c38121b7b9a16563940557a1acdbf
  languageName: node
  linkType: hard

"@aws-sdk/middleware-logger@npm:3.451.0":
  version: 3.451.0
  resolution: "@aws-sdk/middleware-logger@npm:3.451.0"
  dependencies:
    "@aws-sdk/types": "npm:3.451.0"
    "@smithy/types": "npm:^2.5.0"
    tslib: "npm:^2.5.0"
  checksum: 649622756ee10bdf4d3095c23b84111d7901dae6acaaae05783b439bf5f8d0615911b2b104762ef10fe2b1520bf603ea02021e981b9b9d0011ccac096fa5dca1
  languageName: node
  linkType: hard

"@aws-sdk/middleware-recursion-detection@npm:3.451.0":
  version: 3.451.0
  resolution: "@aws-sdk/middleware-recursion-detection@npm:3.451.0"
  dependencies:
    "@aws-sdk/types": "npm:3.451.0"
    "@smithy/protocol-http": "npm:^3.0.9"
    "@smithy/types": "npm:^2.5.0"
    tslib: "npm:^2.5.0"
  checksum: 162fadefc6ebe87d321cb27ec71226698e12406e89da067a068217dbc9b2637b88996e962e053fbc7c4e604aff1e808e39ee10c704cf31ae20500a5a515202f9
  languageName: node
  linkType: hard

"@aws-sdk/middleware-sdk-sts@npm:3.451.0":
  version: 3.451.0
  resolution: "@aws-sdk/middleware-sdk-sts@npm:3.451.0"
  dependencies:
    "@aws-sdk/middleware-signing": "npm:3.451.0"
    "@aws-sdk/types": "npm:3.451.0"
    "@smithy/types": "npm:^2.5.0"
    tslib: "npm:^2.5.0"
  checksum: 907b9abbf3e7ab455f1f2a372d816bafa93183148f66db404bac344b039305dbb063e15eaf05c0af251029b1bfc7c7c936e35f06c5867b164e3c7847dbcf65c4
  languageName: node
  linkType: hard

"@aws-sdk/middleware-signing@npm:3.451.0":
  version: 3.451.0
  resolution: "@aws-sdk/middleware-signing@npm:3.451.0"
  dependencies:
    "@aws-sdk/types": "npm:3.451.0"
    "@smithy/property-provider": "npm:^2.0.0"
    "@smithy/protocol-http": "npm:^3.0.9"
    "@smithy/signature-v4": "npm:^2.0.0"
    "@smithy/types": "npm:^2.5.0"
    "@smithy/util-middleware": "npm:^2.0.6"
    tslib: "npm:^2.5.0"
  checksum: 93606aa95a8117812b3ed16a8f909bb39f88bed2a267c72964e664dcf068029918f8c449c53dbf168481f10ea0a1b7ef316b910c4dab9d697fdbba90525904a3
  languageName: node
  linkType: hard

"@aws-sdk/middleware-user-agent@npm:3.451.0":
  version: 3.451.0
  resolution: "@aws-sdk/middleware-user-agent@npm:3.451.0"
  dependencies:
    "@aws-sdk/types": "npm:3.451.0"
    "@aws-sdk/util-endpoints": "npm:3.451.0"
    "@smithy/protocol-http": "npm:^3.0.9"
    "@smithy/types": "npm:^2.5.0"
    tslib: "npm:^2.5.0"
  checksum: b59d2e49629872e0081300beeae1cd6d5a157762f9dcd058a64e314a67afdfb72b419f3992993579c108d15b98c25aadef4394e6b7296984021d6a5f902206d2
  languageName: node
  linkType: hard

"@aws-sdk/region-config-resolver@npm:3.451.0":
  version: 3.451.0
  resolution: "@aws-sdk/region-config-resolver@npm:3.451.0"
  dependencies:
    "@smithy/node-config-provider": "npm:^2.1.5"
    "@smithy/types": "npm:^2.5.0"
    "@smithy/util-config-provider": "npm:^2.0.0"
    "@smithy/util-middleware": "npm:^2.0.6"
    tslib: "npm:^2.5.0"
  checksum: eb3fda6772fc78e098a3b775048ff36f2f800b2e62b69286764f563950bb9570fc11c13b043784ef9f57a365e1cde2dee49dcba6bae9cec9469956ecb9e7b877
  languageName: node
  linkType: hard

"@aws-sdk/token-providers@npm:3.451.0":
  version: 3.451.0
  resolution: "@aws-sdk/token-providers@npm:3.451.0"
  dependencies:
    "@aws-crypto/sha256-browser": "npm:3.0.0"
    "@aws-crypto/sha256-js": "npm:3.0.0"
    "@aws-sdk/middleware-host-header": "npm:3.451.0"
    "@aws-sdk/middleware-logger": "npm:3.451.0"
    "@aws-sdk/middleware-recursion-detection": "npm:3.451.0"
    "@aws-sdk/middleware-user-agent": "npm:3.451.0"
    "@aws-sdk/region-config-resolver": "npm:3.451.0"
    "@aws-sdk/types": "npm:3.451.0"
    "@aws-sdk/util-endpoints": "npm:3.451.0"
    "@aws-sdk/util-user-agent-browser": "npm:3.451.0"
    "@aws-sdk/util-user-agent-node": "npm:3.451.0"
    "@smithy/config-resolver": "npm:^2.0.18"
    "@smithy/fetch-http-handler": "npm:^2.2.6"
    "@smithy/hash-node": "npm:^2.0.15"
    "@smithy/invalid-dependency": "npm:^2.0.13"
    "@smithy/middleware-content-length": "npm:^2.0.15"
    "@smithy/middleware-endpoint": "npm:^2.2.0"
    "@smithy/middleware-retry": "npm:^2.0.20"
    "@smithy/middleware-serde": "npm:^2.0.13"
    "@smithy/middleware-stack": "npm:^2.0.7"
    "@smithy/node-config-provider": "npm:^2.1.5"
    "@smithy/node-http-handler": "npm:^2.1.9"
    "@smithy/property-provider": "npm:^2.0.0"
    "@smithy/protocol-http": "npm:^3.0.9"
    "@smithy/shared-ini-file-loader": "npm:^2.0.6"
    "@smithy/smithy-client": "npm:^2.1.15"
    "@smithy/types": "npm:^2.5.0"
    "@smithy/url-parser": "npm:^2.0.13"
    "@smithy/util-base64": "npm:^2.0.1"
    "@smithy/util-body-length-browser": "npm:^2.0.0"
    "@smithy/util-body-length-node": "npm:^2.1.0"
    "@smithy/util-defaults-mode-browser": "npm:^2.0.19"
    "@smithy/util-defaults-mode-node": "npm:^2.0.25"
    "@smithy/util-endpoints": "npm:^1.0.4"
    "@smithy/util-retry": "npm:^2.0.6"
    "@smithy/util-utf8": "npm:^2.0.2"
    tslib: "npm:^2.5.0"
  checksum: 8817e494ea65e3738a370355ecd8a4da854df6b949ac5792b59e4114559e60b8dae23c64dc7de298b83cb81d19bb5ac1e49d3b4a8bb4ece0c9b499d96a2d3e53
  languageName: node
  linkType: hard

"@aws-sdk/types@npm:3.451.0, @aws-sdk/types@npm:^3.222.0":
  version: 3.451.0
  resolution: "@aws-sdk/types@npm:3.451.0"
  dependencies:
    "@smithy/types": "npm:^2.5.0"
    tslib: "npm:^2.5.0"
  checksum: b7ae67e2dbff90656d9f83187a7d4977e1e4701b3f91cf0189c75404ccbb2d283393777899cfd4b4a9adc88d5d8f6a5c88d624875f135b86c83b5149c0bcc894
  languageName: node
  linkType: hard

"@aws-sdk/util-dynamodb@npm:3.454.0":
  version: 3.454.0
  resolution: "@aws-sdk/util-dynamodb@npm:3.454.0"
  dependencies:
    tslib: "npm:^2.5.0"
  peerDependencies:
    "@aws-sdk/client-dynamodb": ^3.0.0
  checksum: dd06fdcdaa3e9ae89ae682080ccd416829f34fc2d531bd3f464d20b9c547dc74ec525b5911be54e5946f1e59ee6403a6ed9e6dccc852a6f0bc7ee3186f753638
  languageName: node
  linkType: hard

"@aws-sdk/util-endpoints@npm:3.451.0":
  version: 3.451.0
  resolution: "@aws-sdk/util-endpoints@npm:3.451.0"
  dependencies:
    "@aws-sdk/types": "npm:3.451.0"
    "@smithy/util-endpoints": "npm:^1.0.4"
    tslib: "npm:^2.5.0"
  checksum: 79d087bd1b27f9edcbdf5b3850b19933a6310706f3c7296f546b0b594dcc57ce81ed7b926ac520afaa4be7d8d2107f99e070221da8cd3bc92ace505bfb448603
  languageName: node
  linkType: hard

"@aws-sdk/util-locate-window@npm:^3.0.0":
  version: 3.310.0
  resolution: "@aws-sdk/util-locate-window@npm:3.310.0"
  dependencies:
    tslib: "npm:^2.5.0"
  checksum: 9f040d9cb01687317ac9f61d5c9e349aeb506deb114f6259d48949428695e5c4e40b36920091451f74e037b016a6534e43d5a5eb225e18fa45eedb998c87bd6f
  languageName: node
  linkType: hard

"@aws-sdk/util-user-agent-browser@npm:3.451.0":
  version: 3.451.0
  resolution: "@aws-sdk/util-user-agent-browser@npm:3.451.0"
  dependencies:
    "@aws-sdk/types": "npm:3.451.0"
    "@smithy/types": "npm:^2.5.0"
    bowser: "npm:^2.11.0"
    tslib: "npm:^2.5.0"
  checksum: 8f573997be06013178562515181de024d0ec9409e3cbf3b5cd4cbe8bb7b7a41dc96d15b769180992be9e8faae72f0f646a440bfdbe381abd77fb4dfa8e14b790
  languageName: node
  linkType: hard

"@aws-sdk/util-user-agent-node@npm:3.451.0":
  version: 3.451.0
  resolution: "@aws-sdk/util-user-agent-node@npm:3.451.0"
  dependencies:
    "@aws-sdk/types": "npm:3.451.0"
    "@smithy/node-config-provider": "npm:^2.1.5"
    "@smithy/types": "npm:^2.5.0"
    tslib: "npm:^2.5.0"
  peerDependencies:
    aws-crt: ">=1.0.0"
  peerDependenciesMeta:
    aws-crt:
      optional: true
  checksum: c142b04feea379155f1314a02cc60230bd44c6cc9029af279fed0771d558779ebe9315810e1537fc409ec9b087795ee4b07a8f1dad5cb5b4aec9b630d7c24838
  languageName: node
  linkType: hard

"@aws-sdk/util-utf8-browser@npm:^3.0.0":
  version: 3.259.0
  resolution: "@aws-sdk/util-utf8-browser@npm:3.259.0"
  dependencies:
    tslib: "npm:^2.3.1"
  checksum: ff56ff252c0ea22b760b909ba5bbe9ca59a447066097e73b1e2ae50a6d366631ba560c373ec4e83b3e225d16238eeaf8def210fdbf135070b3dd3ceb1cc2ef9a
  languageName: node
  linkType: hard

"@smithy/abort-controller@npm:^2.0.14":
  version: 2.0.14
  resolution: "@smithy/abort-controller@npm:2.0.14"
  dependencies:
    "@smithy/types": "npm:^2.6.0"
    tslib: "npm:^2.5.0"
  checksum: 42046cfb32c1b6fcb57a7f1c5fedbc983cedb7d8df315655abd519b8766bff0c85f3a6c1900662899ccb27eb4f27f8923910355002dedf252b626ccbef2dee9c
  languageName: node
  linkType: hard

"@smithy/config-resolver@npm:^2.0.18, @smithy/config-resolver@npm:^2.0.19":
  version: 2.0.19
  resolution: "@smithy/config-resolver@npm:2.0.19"
  dependencies:
    "@smithy/node-config-provider": "npm:^2.1.6"
    "@smithy/types": "npm:^2.6.0"
    "@smithy/util-config-provider": "npm:^2.0.0"
    "@smithy/util-middleware": "npm:^2.0.7"
    tslib: "npm:^2.5.0"
  checksum: 0d509e912453f3ccaccb1250f85584f7cf51a9a278290f81f7ec9854f4454bab111244728239ed25ecda8687dc5a0acc79cbb9f50e35659ce19e6ded733a2c51
  languageName: node
  linkType: hard

"@smithy/credential-provider-imds@npm:^2.0.0, @smithy/credential-provider-imds@npm:^2.1.2":
  version: 2.1.2
  resolution: "@smithy/credential-provider-imds@npm:2.1.2"
  dependencies:
    "@smithy/node-config-provider": "npm:^2.1.6"
    "@smithy/property-provider": "npm:^2.0.15"
    "@smithy/types": "npm:^2.6.0"
    "@smithy/url-parser": "npm:^2.0.14"
    tslib: "npm:^2.5.0"
  checksum: c566d2e54292b553c4134e0305a625499818083b859cd20477c4a24beb11af1a099f74052787213d15f2bf96719b3cd2c41dfb47e7542d43385f9d2d3d3563d8
  languageName: node
  linkType: hard

"@smithy/eventstream-codec@npm:^2.0.14":
  version: 2.0.14
  resolution: "@smithy/eventstream-codec@npm:2.0.14"
  dependencies:
    "@aws-crypto/crc32": "npm:3.0.0"
    "@smithy/types": "npm:^2.6.0"
    "@smithy/util-hex-encoding": "npm:^2.0.0"
    tslib: "npm:^2.5.0"
  checksum: 3302e1c7853b993ba230d51308c9e0cdffccb729bcc05fee4248d6d1a5db5252345d377ef5337dfbf109c43f30b60965664baa744bcfe8c37325e5ec3d1fe8e9
  languageName: node
  linkType: hard

"@smithy/fetch-http-handler@npm:^2.2.6, @smithy/fetch-http-handler@npm:^2.2.7":
  version: 2.2.7
  resolution: "@smithy/fetch-http-handler@npm:2.2.7"
  dependencies:
    "@smithy/protocol-http": "npm:^3.0.10"
    "@smithy/querystring-builder": "npm:^2.0.14"
    "@smithy/types": "npm:^2.6.0"
    "@smithy/util-base64": "npm:^2.0.1"
    tslib: "npm:^2.5.0"
  checksum: 8098eefe1b279c4a80390a62943236cdf1382f5eefdf9cd0f1ea74cc352fa5683a6d9488da9fb856755c5b95045fad78cbbab096de4c63cf7023f7f0ae7f5db6
  languageName: node
  linkType: hard

"@smithy/hash-node@npm:^2.0.15":
  version: 2.0.16
  resolution: "@smithy/hash-node@npm:2.0.16"
  dependencies:
    "@smithy/types": "npm:^2.6.0"
    "@smithy/util-buffer-from": "npm:^2.0.0"
    "@smithy/util-utf8": "npm:^2.0.2"
    tslib: "npm:^2.5.0"
  checksum: 9995c0d1faef78d6769ad253733354e706e94b4e8d164c9f0fd5c567b56c3a245c3a4bba7dc8a7d8360c80bed09809dd28ee391f9397d408b28579cdbb1fd4e0
  languageName: node
  linkType: hard

"@smithy/invalid-dependency@npm:^2.0.13":
  version: 2.0.14
  resolution: "@smithy/invalid-dependency@npm:2.0.14"
  dependencies:
    "@smithy/types": "npm:^2.6.0"
    tslib: "npm:^2.5.0"
  checksum: 55e0605a1e4a721439ff2baccbd6840bef81e8eaa40f1e426ec249c6e991a242ba1749964550ee8f5d25ab74f5e53a23f31a8ee575acc7ce9246f4db8b0c7f48
  languageName: node
  linkType: hard

"@smithy/is-array-buffer@npm:^2.0.0":
  version: 2.0.0
  resolution: "@smithy/is-array-buffer@npm:2.0.0"
  dependencies:
    tslib: "npm:^2.5.0"
  checksum: c0f8983a402da853fd6ee33f60e70c561e44f83a7aae1af9675a40aeb57980d1a64ac7a9b892b69fdfcf282f54accc7e531619ba1ae5e447f17c27efd109802e
  languageName: node
  linkType: hard

"@smithy/middleware-content-length@npm:^2.0.15":
  version: 2.0.16
  resolution: "@smithy/middleware-content-length@npm:2.0.16"
  dependencies:
    "@smithy/protocol-http": "npm:^3.0.10"
    "@smithy/types": "npm:^2.6.0"
    tslib: "npm:^2.5.0"
  checksum: 1d71d45a53a023fd14106bf8b3249eea7a6f1b3d9de16bc796a49eee82b4ee5a1d8bfa1461b0d9e81885c6b733a03dbc46b543f8a6a33494be507a348fbacc07
  languageName: node
  linkType: hard

"@smithy/middleware-endpoint@npm:^2.2.0":
  version: 2.2.1
  resolution: "@smithy/middleware-endpoint@npm:2.2.1"
  dependencies:
    "@smithy/middleware-serde": "npm:^2.0.14"
    "@smithy/node-config-provider": "npm:^2.1.6"
    "@smithy/shared-ini-file-loader": "npm:^2.2.5"
    "@smithy/types": "npm:^2.6.0"
    "@smithy/url-parser": "npm:^2.0.14"
    "@smithy/util-middleware": "npm:^2.0.7"
    tslib: "npm:^2.5.0"
  checksum: 931c8b8ff2caf954c2e71d1eeca0a37b97e1251c2d96f08278c57690af0bd2843565453887f033b0d06a4522ccd3fa808c1a936b739eccc6e0cbd429db8f8cb0
  languageName: node
  linkType: hard

"@smithy/middleware-retry@npm:^2.0.20":
  version: 2.0.21
  resolution: "@smithy/middleware-retry@npm:2.0.21"
  dependencies:
    "@smithy/node-config-provider": "npm:^2.1.6"
    "@smithy/protocol-http": "npm:^3.0.10"
    "@smithy/service-error-classification": "npm:^2.0.7"
    "@smithy/types": "npm:^2.6.0"
    "@smithy/util-middleware": "npm:^2.0.7"
    "@smithy/util-retry": "npm:^2.0.7"
    tslib: "npm:^2.5.0"
    uuid: "npm:^8.3.2"
  checksum: 79f966b27dec94df155bcc881362566d321c3b66c6295b72e3a6e1753634334ae19c265e645d20c65b822691449451f2c3993230850b895e313752b79138bffd
  languageName: node
  linkType: hard

"@smithy/middleware-serde@npm:^2.0.13, @smithy/middleware-serde@npm:^2.0.14":
  version: 2.0.14
  resolution: "@smithy/middleware-serde@npm:2.0.14"
  dependencies:
    "@smithy/types": "npm:^2.6.0"
    tslib: "npm:^2.5.0"
  checksum: b03ef6ae7ef365aa991734e4e71f55484f2cf7a7dea5ea67f0b96c3dba59486caa0b13da2442ffbe64d88288b5d1a0e08b7024e6d5bc4cdfc38604243723f801
  languageName: node
  linkType: hard

"@smithy/middleware-stack@npm:^2.0.7, @smithy/middleware-stack@npm:^2.0.8":
  version: 2.0.8
  resolution: "@smithy/middleware-stack@npm:2.0.8"
  dependencies:
    "@smithy/types": "npm:^2.6.0"
    tslib: "npm:^2.5.0"
  checksum: f9108842f0ac4380a11a9a2bb60111a46dd5e0f499e050c3f0571e5e89344c3edfbbb1fffcbcb49a01fae3c9c35ba142e701bc91b0a418f4528433b2d43529a0
  languageName: node
  linkType: hard

"@smithy/node-config-provider@npm:^2.1.5, @smithy/node-config-provider@npm:^2.1.6":
  version: 2.1.6
  resolution: "@smithy/node-config-provider@npm:2.1.6"
  dependencies:
    "@smithy/property-provider": "npm:^2.0.15"
    "@smithy/shared-ini-file-loader": "npm:^2.2.5"
    "@smithy/types": "npm:^2.6.0"
    tslib: "npm:^2.5.0"
  checksum: b8e4ac7772b2bc342f07477dfb0a7b7fc9e66d6c6e3c4aadd94c0bf0fced33bf2e560e44d295b1e9c097d76fe324e62c0fcf6982e5642978cee02c486c05985c
  languageName: node
  linkType: hard

"@smithy/node-http-handler@npm:^2.1.10, @smithy/node-http-handler@npm:^2.1.9":
  version: 2.1.10
  resolution: "@smithy/node-http-handler@npm:2.1.10"
  dependencies:
    "@smithy/abort-controller": "npm:^2.0.14"
    "@smithy/protocol-http": "npm:^3.0.10"
    "@smithy/querystring-builder": "npm:^2.0.14"
    "@smithy/types": "npm:^2.6.0"
    tslib: "npm:^2.5.0"
  checksum: e549fac0a0b85605fec85b80b0aebcd243aaa76d9c08d915aff35f2404063064678e605876bd02c841481823e9114f9c9f3049b3441e0f4c2a9938c0bb20edf3
  languageName: node
  linkType: hard

"@smithy/property-provider@npm:^2.0.0, @smithy/property-provider@npm:^2.0.15":
  version: 2.0.15
  resolution: "@smithy/property-provider@npm:2.0.15"
  dependencies:
    "@smithy/types": "npm:^2.6.0"
    tslib: "npm:^2.5.0"
  checksum: 475e539b10dcccbd41785d765128896f5e0dcea0f44a0a8b536ed1b41fdae130e991e8ae787f0b04287fc483a3a494d353cdd6b913a71af3e27f641c76dc9042
  languageName: node
  linkType: hard

"@smithy/protocol-http@npm:^3.0.10, @smithy/protocol-http@npm:^3.0.9":
  version: 3.0.10
  resolution: "@smithy/protocol-http@npm:3.0.10"
  dependencies:
    "@smithy/types": "npm:^2.6.0"
    tslib: "npm:^2.5.0"
  checksum: fc6a5ae220afdfe147805b6483381325d5befa155049cb7ab9cd0c9c1884631de46c2c058860bb78f602240249c89782a863bd9cb6fe331f1b7829ef83c589e9
  languageName: node
  linkType: hard

"@smithy/querystring-builder@npm:^2.0.14":
  version: 2.0.14
  resolution: "@smithy/querystring-builder@npm:2.0.14"
  dependencies:
    "@smithy/types": "npm:^2.6.0"
    "@smithy/util-uri-escape": "npm:^2.0.0"
    tslib: "npm:^2.5.0"
  checksum: 4d7337b0409a238dc7eb4fc1ac912dc862dcfd145d09f8f951cd39cd4ffce16d5fba8df3615e1bf3c57c98a9f25c763b2d0ba165c5a1372c1f9001d22d599667
  languageName: node
  linkType: hard

"@smithy/querystring-parser@npm:^2.0.14":
  version: 2.0.14
  resolution: "@smithy/querystring-parser@npm:2.0.14"
  dependencies:
    "@smithy/types": "npm:^2.6.0"
    tslib: "npm:^2.5.0"
  checksum: 45baf9a83495098e39c4cc304d989d7896eb6edb4610e1b74dd06de66d6ba7ccb05bc44d53c64144c8a4d9a9f49b053cfbd4d5c44db713a7f6fed1bb1e0cf59a
  languageName: node
  linkType: hard

"@smithy/service-error-classification@npm:^2.0.7":
  version: 2.0.7
  resolution: "@smithy/service-error-classification@npm:2.0.7"
  dependencies:
    "@smithy/types": "npm:^2.6.0"
  checksum: 0232225cff239483fe183162f212c97c78841f2e8b59b41a4ca6c2185a31534c8d4d3e1caf27faad5480815d1ca213ce1b3418dda6c46a40c24e2e4d6f7055ef
  languageName: node
  linkType: hard

"@smithy/shared-ini-file-loader@npm:^2.0.6, @smithy/shared-ini-file-loader@npm:^2.2.5":
  version: 2.2.5
  resolution: "@smithy/shared-ini-file-loader@npm:2.2.5"
  dependencies:
    "@smithy/types": "npm:^2.6.0"
    tslib: "npm:^2.5.0"
  checksum: f0f127ddc70ae4ce94a7847206133d9306952bcd42a66809965810ebff0eafbb06050af564ce6cec2111c07cdbf7621754b51ae9e6fb0bf0efae713ff4abfa60
  languageName: node
  linkType: hard

"@smithy/signature-v4@npm:^2.0.0":
  version: 2.0.16
  resolution: "@smithy/signature-v4@npm:2.0.16"
  dependencies:
    "@smithy/eventstream-codec": "npm:^2.0.14"
    "@smithy/is-array-buffer": "npm:^2.0.0"
    "@smithy/types": "npm:^2.6.0"
    "@smithy/util-hex-encoding": "npm:^2.0.0"
    "@smithy/util-middleware": "npm:^2.0.7"
    "@smithy/util-uri-escape": "npm:^2.0.0"
    "@smithy/util-utf8": "npm:^2.0.2"
    tslib: "npm:^2.5.0"
  checksum: 851a2dcf4163a07e9921aeb84aa1e30639806b3cb15054097e8c4cb30aa879c338890bf0864780e9fa789125c58db2ef640669d3bfd692b0f32d16e219039e69
  languageName: node
  linkType: hard

"@smithy/smithy-client@npm:^2.1.15, @smithy/smithy-client@npm:^2.1.16":
  version: 2.1.16
  resolution: "@smithy/smithy-client@npm:2.1.16"
  dependencies:
    "@smithy/middleware-stack": "npm:^2.0.8"
    "@smithy/types": "npm:^2.6.0"
    "@smithy/util-stream": "npm:^2.0.21"
    tslib: "npm:^2.5.0"
  checksum: 96512f1704be71a51db8b565276c6ca2bf270d90c36ee55161248cdfdbd8cc73f799d9ad5ba95a0abe7e1c7934fa02ec585fca03266a1c5f99b57ab04ecf6fc4
  languageName: node
  linkType: hard

"@smithy/types@npm:^2.5.0, @smithy/types@npm:^2.6.0":
  version: 2.6.0
  resolution: "@smithy/types@npm:2.6.0"
  dependencies:
    tslib: "npm:^2.5.0"
  checksum: 10c47947d8c3054ef4525da852330f1ef7030578a887bc3edd5853f65f229cf22c68512da4c952e1431dc992c4d62a21432440475c3e66ab2c7032ed03591251
  languageName: node
  linkType: hard

"@smithy/url-parser@npm:^2.0.13, @smithy/url-parser@npm:^2.0.14":
  version: 2.0.14
  resolution: "@smithy/url-parser@npm:2.0.14"
  dependencies:
    "@smithy/querystring-parser": "npm:^2.0.14"
    "@smithy/types": "npm:^2.6.0"
    tslib: "npm:^2.5.0"
  checksum: 63aefbce0cffb9b90325573d2deac7fa0e2d849dc2fc19bfb28460e88c88f8e283be5658c69f95d758fb8ce0f8eff54cf3a79bd2d793b8f33b599129220a065a
  languageName: node
  linkType: hard

"@smithy/util-base64@npm:^2.0.1":
  version: 2.0.1
  resolution: "@smithy/util-base64@npm:2.0.1"
  dependencies:
    "@smithy/util-buffer-from": "npm:^2.0.0"
    tslib: "npm:^2.5.0"
  checksum: 6e7ce2fb6f2871e187c2cb7eb952b1cd9a5f9b8b31a179babe83b4e9b39c7509fa524a834bc8016f1a8bad59f3a67f0cc0e33df60951c6091f62af8c48274195
  languageName: node
  linkType: hard

"@smithy/util-body-length-browser@npm:^2.0.0":
  version: 2.0.0
  resolution: "@smithy/util-body-length-browser@npm:2.0.0"
  dependencies:
    tslib: "npm:^2.5.0"
  checksum: a0ce4a9615b750a9fbcfc2e7fe025afb4e583f6500b7c532d758c4585e17425d2825c99cf24cd0eea5ccbb2f7e98e71060105075493db8d0b190c4fb70b89a6f
  languageName: node
  linkType: hard

"@smithy/util-body-length-node@npm:^2.1.0":
  version: 2.1.0
  resolution: "@smithy/util-body-length-node@npm:2.1.0"
  dependencies:
    tslib: "npm:^2.5.0"
  checksum: 88f86ec026b17b9f59d3e55a395999a2c3c06d2634b784709fb597183b8c2ef048a1fceed963cce5a7deb40590fc1861ac470d87f1a5c37dcf2fbbeb7478b698
  languageName: node
  linkType: hard

"@smithy/util-buffer-from@npm:^2.0.0":
  version: 2.0.0
  resolution: "@smithy/util-buffer-from@npm:2.0.0"
  dependencies:
    "@smithy/is-array-buffer": "npm:^2.0.0"
    tslib: "npm:^2.5.0"
  checksum: 21bcfe8f9dc66775970cd5d0fb401bcda39715e558f3309d0a5c1d6dc2d2cb40ed0a259748346f282b40398707f222791e6e9637174d82a510bd5eaad69dd0ca
  languageName: node
  linkType: hard

"@smithy/util-config-provider@npm:^2.0.0":
  version: 2.0.0
  resolution: "@smithy/util-config-provider@npm:2.0.0"
  dependencies:
    tslib: "npm:^2.5.0"
  checksum: cc48532787a75f45a6959b8ad8fc018d0793fb8ed9969cf9cc8e348bfd8997b82a2ee9cce368d0df1c42d8ebd5ca866de34079ba2364777d572ddb4c2b8e71b9
  languageName: node
  linkType: hard

"@smithy/util-defaults-mode-browser@npm:^2.0.19":
  version: 2.0.20
  resolution: "@smithy/util-defaults-mode-browser@npm:2.0.20"
  dependencies:
    "@smithy/property-provider": "npm:^2.0.15"
    "@smithy/smithy-client": "npm:^2.1.16"
    "@smithy/types": "npm:^2.6.0"
    bowser: "npm:^2.11.0"
    tslib: "npm:^2.5.0"
  checksum: e57775451ae33e12e1a4afed7d5cd753a92d627f8bd6e0fec90cc005ba8a274b574edade4f312f260709d2958d031971d7909f93edd27a26054d74494e52e5c7
  languageName: node
  linkType: hard

"@smithy/util-defaults-mode-node@npm:^2.0.25":
  version: 2.0.26
  resolution: "@smithy/util-defaults-mode-node@npm:2.0.26"
  dependencies:
    "@smithy/config-resolver": "npm:^2.0.19"
    "@smithy/credential-provider-imds": "npm:^2.1.2"
    "@smithy/node-config-provider": "npm:^2.1.6"
    "@smithy/property-provider": "npm:^2.0.15"
    "@smithy/smithy-client": "npm:^2.1.16"
    "@smithy/types": "npm:^2.6.0"
    tslib: "npm:^2.5.0"
  checksum: 1d128e35e9e8cf99a9b179ac9ff1153ae2e6eaba20d4265f778ffd468206eafd78b97413d6ff9393a938a4cae78055c616239784cda2264986c628df1f65e133
  languageName: node
  linkType: hard

"@smithy/util-endpoints@npm:^1.0.4":
  version: 1.0.5
  resolution: "@smithy/util-endpoints@npm:1.0.5"
  dependencies:
    "@smithy/node-config-provider": "npm:^2.1.6"
    "@smithy/types": "npm:^2.6.0"
    tslib: "npm:^2.5.0"
  checksum: 8757b2dec608ba8e1345bf684280fdad4a67211e61eb476c4de4613af1737319253f4e27203d22eec53ce937160cf36e6400e64dfd1f61478e5c64758c3deccd
  languageName: node
  linkType: hard

"@smithy/util-hex-encoding@npm:^2.0.0":
  version: 2.0.0
  resolution: "@smithy/util-hex-encoding@npm:2.0.0"
  dependencies:
    tslib: "npm:^2.5.0"
  checksum: 50c3d855b8f3e7a6ef087969e451327cb5ebc1e582ba34f0523d73341f944ae1afa80bb950d2bc6298f4021146193dc84c892d5932f4e47275c3818e8426b338
  languageName: node
  linkType: hard

"@smithy/util-middleware@npm:^2.0.6, @smithy/util-middleware@npm:^2.0.7":
  version: 2.0.7
  resolution: "@smithy/util-middleware@npm:2.0.7"
  dependencies:
    "@smithy/types": "npm:^2.6.0"
    tslib: "npm:^2.5.0"
  checksum: 97b85dd1abf7a7b01db39feccb4280698f1bb613fa3cb73cbc7f6bff19ff5ead4e174f08ba33a2c407f43b95fee811415d3af8a56d6b9b48cefd9e3d708b3ad6
  languageName: node
  linkType: hard

"@smithy/util-retry@npm:^2.0.6, @smithy/util-retry@npm:^2.0.7":
  version: 2.0.7
  resolution: "@smithy/util-retry@npm:2.0.7"
  dependencies:
    "@smithy/service-error-classification": "npm:^2.0.7"
    "@smithy/types": "npm:^2.6.0"
    tslib: "npm:^2.5.0"
  checksum: e2361f119a83dc2c25ad9f07aadf3277eb2d96b09b706fe5fa1c4203b59cc096d1ba9ad3ec95f3ed49ed644cc293ed5f293599a7d366dede88e212c6657fce16
  languageName: node
  linkType: hard

"@smithy/util-stream@npm:^2.0.21":
  version: 2.0.21
  resolution: "@smithy/util-stream@npm:2.0.21"
  dependencies:
    "@smithy/fetch-http-handler": "npm:^2.2.7"
    "@smithy/node-http-handler": "npm:^2.1.10"
    "@smithy/types": "npm:^2.6.0"
    "@smithy/util-base64": "npm:^2.0.1"
    "@smithy/util-buffer-from": "npm:^2.0.0"
    "@smithy/util-hex-encoding": "npm:^2.0.0"
    "@smithy/util-utf8": "npm:^2.0.2"
    tslib: "npm:^2.5.0"
  checksum: a5d2256008cbec46f800de1ad2674a5792d177ce6b39bc5f65ad39698656f59bd839447a3a00aff0d4b3b8ccbaa9f8c5fe2c9d0e9eaaf47cff887f71bb7df850
  languageName: node
  linkType: hard

"@smithy/util-uri-escape@npm:^2.0.0":
  version: 2.0.0
  resolution: "@smithy/util-uri-escape@npm:2.0.0"
  dependencies:
    tslib: "npm:^2.5.0"
  checksum: 4a82a7ee35ddce9d509ed2d2d07bbfc8def085af759e7b17212e94bc7415fc9dcbd386d8f3212a14dd7225beed5411b887077f02c29cb56a2407db0a728e543e
  languageName: node
  linkType: hard

"@smithy/util-utf8@npm:^2.0.2":
  version: 2.0.2
  resolution: "@smithy/util-utf8@npm:2.0.2"
  dependencies:
    "@smithy/util-buffer-from": "npm:^2.0.0"
    tslib: "npm:^2.5.0"
  checksum: 99ee9bad29535a66ba3eafeae4a1c927afe1487addd9b24b2a2ca992778b87346981b97f9474c9197273b9d863b393d59d8028054085d4d45333680f15e8c9b3
  languageName: node
  linkType: hard

"@smithy/util-waiter@npm:^2.0.13":
  version: 2.0.14
  resolution: "@smithy/util-waiter@npm:2.0.14"
  dependencies:
    "@smithy/abort-controller": "npm:^2.0.14"
    "@smithy/types": "npm:^2.6.0"
    tslib: "npm:^2.5.0"
  checksum: e7e20ff82c296e77a7230dfb3224b88d740340cae7a3eeb984c65e63731e8faf39e0cbd2c21666d0531c3f72a40cae71447018768c576c028ca5f4f06f4331ff
  languageName: node
  linkType: hard

"bowser@npm:^2.11.0":
  version: 2.11.0
  resolution: "bowser@npm:2.11.0"
  checksum: 04efeecc7927a9ec33c667fa0965dea19f4ac60b3fea60793c2e6cf06c1dcd2f7ae1dbc656f450c5f50783b1c75cf9dc173ba6f3b7db2feee01f8c4b793e1bd3
  languageName: node
  linkType: hard

"fast-xml-parser@npm:4.2.5":
  version: 4.2.5
  resolution: "fast-xml-parser@npm:4.2.5"
  dependencies:
    strnum: "npm:^1.0.5"
  bin:
    fxparser: src/cli/cli.js
  checksum: f422349189b70660238eff9e48c57a0b9e5142f4c442bd79f50049847006341fe8dbcaac899c54e219034f63249fdba4512542ec54ef4dec24fcf9f54ad20d42
  languageName: node
  linkType: hard

"mnemonist@npm:0.38.3":
  version: 0.38.3
  resolution: "mnemonist@npm:0.38.3"
  dependencies:
    obliterator: "npm:^1.6.1"
  checksum: 064aa1ee1a89fce2754423b3617c598fd65bc34311eb3c01dc063976f6b819b073bd23532415cf8c92240157b4c8fbb7ec5d79d717f2bd4fcd95d8131cb23acb
  languageName: node
  linkType: hard

"obliterator@npm:^1.6.1":
  version: 1.6.1
  resolution: "obliterator@npm:1.6.1"
  checksum: 5fad57319aae0ef6e34efa640541d41c2dd9790a7ab808f17dcb66c83a81333963fc2dfcfa6e1b62158e5cef6291cdcf15c503ad6c3de54b2227dd4c3d7e1b55
  languageName: node
  linkType: hard

"strnum@npm:^1.0.5":
  version: 1.0.5
  resolution: "strnum@npm:1.0.5"
  checksum: 64fb8cc2effbd585a6821faa73ad97d4b553c8927e49086a162ffd2cc818787643390b89d567460a8e74300148d11ac052e21c921ef2049f2987f4b1b89a7ff1
  languageName: node
  linkType: hard

"tslib@npm:^1.11.1":
  version: 1.14.1
  resolution: "tslib@npm:1.14.1"
  checksum: 69ae09c49eea644bc5ebe1bca4fa4cc2c82b7b3e02f43b84bd891504edf66dbc6b2ec0eef31a957042de2269139e4acff911e6d186a258fb14069cd7f6febce2
  languageName: node
  linkType: hard

"tslib@npm:^2.3.1, tslib@npm:^2.5.0":
  version: 2.6.2
  resolution: "tslib@npm:2.6.2"
  checksum: e03a8a4271152c8b26604ed45535954c0a45296e32445b4b87f8a5abdb2421f40b59b4ca437c4346af0f28179780d604094eb64546bee2019d903d01c6c19bdb
  languageName: node
  linkType: hard

"typescript@npm:^5.3.2":
  version: 5.3.2
  resolution: "typescript@npm:5.3.2"
  bin:
    tsc: bin/tsc
    tsserver: bin/tsserver
  checksum: d7dbe1fbe19039e36a65468ea64b5d338c976550394ba576b7af9c68ed40c0bc5d12ecce390e4b94b287a09a71bd3229f19c2d5680611f35b7c53a3898791159
  languageName: node
  linkType: hard

"typescript@patch:typescript@npm%3A^5.3.2#optional!builtin<compat/typescript>":
  version: 5.3.2
  resolution: "typescript@patch:typescript@npm%3A5.3.2#optional!builtin<compat/typescript>::version=5.3.2&hash=e012d7"
  bin:
    tsc: bin/tsc
    tsserver: bin/tsserver
  checksum: 73c8bad74e732d93211c9d77f28b03307e2f5fc6a0afc73f4b783261ab567686a16d6ae958bdaef383a00be1b0b8c8b6741dd6ca3d13af4963fa7e47456d49c7
  languageName: node
  linkType: hard

"uuid@npm:^8.3.2":
  version: 8.3.2
  resolution: "uuid@npm:8.3.2"
  bin:
    uuid: dist/bin/uuid
  checksum: bcbb807a917d374a49f475fae2e87fdca7da5e5530820ef53f65ba1d12131bd81a92ecf259cc7ce317cbe0f289e7d79fdfebcef9bfa3087c8c8a2fa304c9be54
  languageName: node
  linkType: hard

"yarnpnp-aws-ddb@workspace:.":
  version: 0.0.0-use.local
  resolution: "yarnpnp-aws-ddb@workspace:."
  dependencies:
    "@aws-sdk/client-dynamodb": "npm:^3.454.0"
    "@aws-sdk/lib-dynamodb": "npm:^3.454.0"
    typescript: "npm:^5.3.2"
  languageName: unknown
  linkType: soft
